
Microsoft Visual Studio Solution File, Format Version 11.00
# Visual Studio 2010
Project("{E24C65DC-7377-472B-9ABA-BC803B73C61A}") = "AutomaticQues", ".", "{52ACC84D-A6E8-4B5D-B08D-27ABEA2D0DF2}"
	ProjectSection(WebsiteProperties) = preProject
		TargetFrameworkMoniker = ".NETFramework,Version%3Dv4.0"
		Debug.AspNetCompiler.VirtualPath = "/AutomaticQues"
		Debug.AspNetCompiler.PhysicalPath = "E:\Nandhini-Code\SourceCode\AutomaticQues\"
		Debug.AspNetCompiler.TargetPath = "PrecompiledWeb\AutomaticQues\"
		Debug.AspNetCompiler.Updateable = "true"
		Debug.AspNetCompiler.ForceOverwrite = "true"
		Debug.AspNetCompiler.FixedNames = "false"
		Debug.AspNetCompiler.Debug = "True"
		Release.AspNetCompiler.VirtualPath = "/AutomaticQues"
		Release.AspNetCompiler.PhysicalPath = "E:\Nandhini-Code\SourceCode\AutomaticQues\"
		Release.AspNetCompiler.TargetPath = "PrecompiledWeb\AutomaticQues\"
		Release.AspNetCompiler.Updateable = "true"
		Release.AspNetCompiler.ForceOverwrite = "true"
		Release.AspNetCompiler.FixedNames = "false"
		Release.AspNetCompiler.Debug = "False"
		VWDPort = "1328"
	EndProjectSection
EndProject
Global
	GlobalSection(SolutionConfigurationPlatforms) = preSolution
		Debug|Any CPU = Debug|Any CPU
	EndGlobalSection
	GlobalSection(ProjectConfigurationPlatforms) = postSolution
		{52ACC84D-A6E8-4B5D-B08D-27ABEA2D0DF2}.Debug|Any CPU.ActiveCfg = Debug|Any CPU
		{52ACC84D-A6E8-4B5D-B08D-27ABEA2D0DF2}.Debug|Any CPU.Build.0 = Debug|Any CPU
	EndGlobalSection
	GlobalSection(SolutionProperties) = preSolution
		HideSolutionNode = FALSE
	EndGlobalSection
EndGlobal
